
Microsoft Visual Studio Solution File, Format Version 12.00
# Visual Studio 15
VisualStudioVersion = 15.0.28307.572
MinimumVisualStudioVersion = 10.0.40219.1
Project("{FAE04EC0-301F-11D3-BF4B-00C04F79EFBC}") = "Vishnu.ShieldClause", "Vishnu.ShieldClause\Vishnu.ShieldClause.csproj", "{52BA53A0-4596-40A6-AD9B-987E9769F255}"
EndProject
Global
	GlobalSection(SolutionConfigurationPlatforms) = preSolution
		Debug|Any CPU = Debug|Any CPU
		Release|Any CPU = Release|Any CPU
	EndGlobalSection
	GlobalSection(ProjectConfigurationPlatforms) = postSolution
		{52BA53A0-4596-40A6-AD9B-987E9769F255}.Debug|Any CPU.ActiveCfg = Debug|Any CPU
		{52BA53A0-4596-40A6-AD9B-987E9769F255}.Debug|Any CPU.Build.0 = Debug|Any CPU
		{52BA53A0-4596-40A6-AD9B-987E9769F255}.Release|Any CPU.ActiveCfg = Release|Any CPU
		{52BA53A0-4596-40A6-AD9B-987E9769F255}.Release|Any CPU.Build.0 = Release|Any CPU
	EndGlobalSection
	GlobalSection(SolutionProperties) = preSolution
		HideSolutionNode = FALSE
	EndGlobalSection
	GlobalSection(ExtensibilityGlobals) = postSolution
		SolutionGuid = {85C2D35F-1471-4B04-BFF7-E41AC3072A90}
	EndGlobalSection
EndGlobal
