
Microsoft Visual Studio Solution File, Format Version 12.00
# Visual Studio 15
VisualStudioVersion = 15.0.28307.572
MinimumVisualStudioVersion = 10.0.40219.1
Project("{2150E333-8FDC-42A3-9474-1A3956D46DE8}") = "Src", "Src", "{F4FFB629-EC5D-4F0C-B95F-9B2A80983698}"
EndProject
Project("{2150E333-8FDC-42A3-9474-1A3956D46DE8}") = "Test", "Test", "{26C95BB9-D902-4B6B-B7B9-7C4DE1F5EEB9}"
EndProject
Project("{FAE04EC0-301F-11D3-BF4B-00C04F79EFBC}") = "Vishnu.ShieldClause", "Src\Vishnu.ShieldClause\Vishnu.ShieldClause.csproj", "{C780086D-63F6-406B-B1EE-FE93E8073A7B}"
EndProject
Project("{FAE04EC0-301F-11D3-BF4B-00C04F79EFBC}") = "Vishnu.ShieldClause.Test", "Test\Vishnu.ShieldClause.Test\Vishnu.ShieldClause.Test.csproj", "{832B1377-0A41-46B3-AE0B-E9954651CFBA}"
EndProject
Global
	GlobalSection(SolutionConfigurationPlatforms) = preSolution
		Debug|Any CPU = Debug|Any CPU
		Release|Any CPU = Release|Any CPU
	EndGlobalSection
	GlobalSection(ProjectConfigurationPlatforms) = postSolution
		{C780086D-63F6-406B-B1EE-FE93E8073A7B}.Debug|Any CPU.ActiveCfg = Debug|Any CPU
		{C780086D-63F6-406B-B1EE-FE93E8073A7B}.Debug|Any CPU.Build.0 = Debug|Any CPU
		{C780086D-63F6-406B-B1EE-FE93E8073A7B}.Release|Any CPU.ActiveCfg = Release|Any CPU
		{C780086D-63F6-406B-B1EE-FE93E8073A7B}.Release|Any CPU.Build.0 = Release|Any CPU
		{832B1377-0A41-46B3-AE0B-E9954651CFBA}.Debug|Any CPU.ActiveCfg = Debug|Any CPU
		{832B1377-0A41-46B3-AE0B-E9954651CFBA}.Debug|Any CPU.Build.0 = Debug|Any CPU
		{832B1377-0A41-46B3-AE0B-E9954651CFBA}.Release|Any CPU.ActiveCfg = Release|Any CPU
		{832B1377-0A41-46B3-AE0B-E9954651CFBA}.Release|Any CPU.Build.0 = Release|Any CPU
	EndGlobalSection
	GlobalSection(SolutionProperties) = preSolution
		HideSolutionNode = FALSE
	EndGlobalSection
	GlobalSection(NestedProjects) = preSolution
		{C780086D-63F6-406B-B1EE-FE93E8073A7B} = {F4FFB629-EC5D-4F0C-B95F-9B2A80983698}
		{832B1377-0A41-46B3-AE0B-E9954651CFBA} = {26C95BB9-D902-4B6B-B7B9-7C4DE1F5EEB9}
	EndGlobalSection
	GlobalSection(ExtensibilityGlobals) = postSolution
		SolutionGuid = {85C2D35F-1471-4B04-BFF7-E41AC3072A90}
	EndGlobalSection
EndGlobal
